
Microsoft Visual Studio Solution File, Format Version 12.00
# Visual Studio 15
VisualStudioVersion = 15.0.27004.2006
MinimumVisualStudioVersion = 10.0.40219.1
Project("{FAE04EC0-301F-11D3-BF4B-00C04F79EFBC}") = "TaazaTV.iOS", "TaazaTV\TaazaTV.iOS\TaazaTV.iOS.csproj", "{E5A67740-2F7F-4385-AA3E-C378C266FEB9}"
EndProject
Project("{FAE04EC0-301F-11D3-BF4B-00C04F79EFBC}") = "TaazaTV.Android", "TaazaTV\TaazaTV.Android\TaazaTV.Android.csproj", "{AFB4BA41-0EC8-448F-8A73-5D7AA2CF45A5}"
EndProject
Project("{D954291E-2A0B-460D-934E-DC6B0785DB48}") = "TaazaTV", "TaazaTV\TaazaTV\TaazaTV.shproj", "{7B8B1C17-FFE4-4DA8-A621-6C4347ECC667}"
EndProject
Global
	GlobalSection(SharedMSBuildProjectFiles) = preSolution
		TaazaTV\TaazaTV\TaazaTV.projitems*{7b8b1c17-ffe4-4da8-a621-6c4347ecc667}*SharedItemsImports = 13
		TaazaTV\TaazaTV\TaazaTV.projitems*{afb4ba41-0ec8-448f-8a73-5d7aa2cf45a5}*SharedItemsImports = 4
		TaazaTV\TaazaTV\TaazaTV.projitems*{e5a67740-2f7f-4385-aa3e-c378c266feb9}*SharedItemsImports = 4
	EndGlobalSection
	GlobalSection(SolutionConfigurationPlatforms) = preSolution
		Ad-Hoc|Any CPU = Ad-Hoc|Any CPU
		Ad-Hoc|iPhone = Ad-Hoc|iPhone
		Ad-Hoc|iPhoneSimulator = Ad-Hoc|iPhoneSimulator
		AppStore|Any CPU = AppStore|Any CPU
		AppStore|iPhone = AppStore|iPhone
		AppStore|iPhoneSimulator = AppStore|iPhoneSimulator
		Debug|Any CPU = Debug|Any CPU
		Debug|iPhone = Debug|iPhone
		Debug|iPhoneSimulator = Debug|iPhoneSimulator
		Release|Any CPU = Release|Any CPU
		Release|iPhone = Release|iPhone
		Release|iPhoneSimulator = Release|iPhoneSimulator
	EndGlobalSection
	GlobalSection(ProjectConfigurationPlatforms) = postSolution
		{E5A67740-2F7F-4385-AA3E-C378C266FEB9}.Ad-Hoc|Any CPU.ActiveCfg = Ad-Hoc|iPhone
		{E5A67740-2F7F-4385-AA3E-C378C266FEB9}.Ad-Hoc|iPhone.ActiveCfg = Ad-Hoc|iPhone
		{E5A67740-2F7F-4385-AA3E-C378C266FEB9}.Ad-Hoc|iPhone.Build.0 = Ad-Hoc|iPhone
		{E5A67740-2F7F-4385-AA3E-C378C266FEB9}.Ad-Hoc|iPhoneSimulator.ActiveCfg = Ad-Hoc|iPhoneSimulator
		{E5A67740-2F7F-4385-AA3E-C378C266FEB9}.Ad-Hoc|iPhoneSimulator.Build.0 = Ad-Hoc|iPhoneSimulator
		{E5A67740-2F7F-4385-AA3E-C378C266FEB9}.AppStore|Any CPU.ActiveCfg = AppStore|iPhone
		{E5A67740-2F7F-4385-AA3E-C378C266FEB9}.AppStore|iPhone.ActiveCfg = AppStore|iPhone
		{E5A67740-2F7F-4385-AA3E-C378C266FEB9}.AppStore|iPhone.Build.0 = AppStore|iPhone
		{E5A67740-2F7F-4385-AA3E-C378C266FEB9}.AppStore|iPhoneSimulator.ActiveCfg = AppStore|iPhoneSimulator
		{E5A67740-2F7F-4385-AA3E-C378C266FEB9}.AppStore|iPhoneSimulator.Build.0 = AppStore|iPhoneSimulator
		{E5A67740-2F7F-4385-AA3E-C378C266FEB9}.Debug|Any CPU.ActiveCfg = Debug|iPhone
		{E5A67740-2F7F-4385-AA3E-C378C266FEB9}.Debug|iPhone.ActiveCfg = Debug|iPhone
		{E5A67740-2F7F-4385-AA3E-C378C266FEB9}.Debug|iPhone.Build.0 = Debug|iPhone
		{E5A67740-2F7F-4385-AA3E-C378C266FEB9}.Debug|iPhone.Deploy.0 = Debug|iPhone
		{E5A67740-2F7F-4385-AA3E-C378C266FEB9}.Debug|iPhoneSimulator.ActiveCfg = Debug|iPhoneSimulator
		{E5A67740-2F7F-4385-AA3E-C378C266FEB9}.Debug|iPhoneSimulator.Build.0 = Debug|iPhoneSimulator
		{E5A67740-2F7F-4385-AA3E-C378C266FEB9}.Release|Any CPU.ActiveCfg = Release|iPhone
		{E5A67740-2F7F-4385-AA3E-C378C266FEB9}.Release|Any CPU.Build.0 = Release|iPhone
		{E5A67740-2F7F-4385-AA3E-C378C266FEB9}.Release|iPhone.ActiveCfg = Release|iPhone
		{E5A67740-2F7F-4385-AA3E-C378C266FEB9}.Release|iPhone.Build.0 = Release|iPhone
		{E5A67740-2F7F-4385-AA3E-C378C266FEB9}.Release|iPhoneSimulator.ActiveCfg = Release|iPhoneSimulator
		{E5A67740-2F7F-4385-AA3E-C378C266FEB9}.Release|iPhoneSimulator.Build.0 = Release|iPhoneSimulator
		{AFB4BA41-0EC8-448F-8A73-5D7AA2CF45A5}.Ad-Hoc|Any CPU.ActiveCfg = Release|Any CPU
		{AFB4BA41-0EC8-448F-8A73-5D7AA2CF45A5}.Ad-Hoc|Any CPU.Build.0 = Release|Any CPU
		{AFB4BA41-0EC8-448F-8A73-5D7AA2CF45A5}.Ad-Hoc|Any CPU.Deploy.0 = Release|Any CPU
		{AFB4BA41-0EC8-448F-8A73-5D7AA2CF45A5}.Ad-Hoc|iPhone.ActiveCfg = Release|Any CPU
		{AFB4BA41-0EC8-448F-8A73-5D7AA2CF45A5}.Ad-Hoc|iPhone.Build.0 = Release|Any CPU
		{AFB4BA41-0EC8-448F-8A73-5D7AA2CF45A5}.Ad-Hoc|iPhone.Deploy.0 = Release|Any CPU
		{AFB4BA41-0EC8-448F-8A73-5D7AA2CF45A5}.Ad-Hoc|iPhoneSimulator.ActiveCfg = Release|Any CPU
		{AFB4BA41-0EC8-448F-8A73-5D7AA2CF45A5}.Ad-Hoc|iPhoneSimulator.Build.0 = Release|Any CPU
		{AFB4BA41-0EC8-448F-8A73-5D7AA2CF45A5}.Ad-Hoc|iPhoneSimulator.Deploy.0 = Release|Any CPU
		{AFB4BA41-0EC8-448F-8A73-5D7AA2CF45A5}.AppStore|Any CPU.ActiveCfg = Release|Any CPU
		{AFB4BA41-0EC8-448F-8A73-5D7AA2CF45A5}.AppStore|Any CPU.Build.0 = Release|Any CPU
		{AFB4BA41-0EC8-448F-8A73-5D7AA2CF45A5}.AppStore|Any CPU.Deploy.0 = Release|Any CPU
		{AFB4BA41-0EC8-448F-8A73-5D7AA2CF45A5}.AppStore|iPhone.ActiveCfg = Release|Any CPU
		{AFB4BA41-0EC8-448F-8A73-5D7AA2CF45A5}.AppStore|iPhone.Build.0 = Release|Any CPU
		{AFB4BA41-0EC8-448F-8A73-5D7AA2CF45A5}.AppStore|iPhone.Deploy.0 = Release|Any CPU
		{AFB4BA41-0EC8-448F-8A73-5D7AA2CF45A5}.AppStore|iPhoneSimulator.ActiveCfg = Release|Any CPU
		{AFB4BA41-0EC8-448F-8A73-5D7AA2CF45A5}.AppStore|iPhoneSimulator.Build.0 = Release|Any CPU
		{AFB4BA41-0EC8-448F-8A73-5D7AA2CF45A5}.AppStore|iPhoneSimulator.Deploy.0 = Release|Any CPU
		{AFB4BA41-0EC8-448F-8A73-5D7AA2CF45A5}.Debug|Any CPU.ActiveCfg = Debug|Any CPU
		{AFB4BA41-0EC8-448F-8A73-5D7AA2CF45A5}.Debug|Any CPU.Build.0 = Debug|Any CPU
		{AFB4BA41-0EC8-448F-8A73-5D7AA2CF45A5}.Debug|Any CPU.Deploy.0 = Debug|Any CPU
		{AFB4BA41-0EC8-448F-8A73-5D7AA2CF45A5}.Debug|iPhone.ActiveCfg = Debug|Any CPU
		{AFB4BA41-0EC8-448F-8A73-5D7AA2CF45A5}.Debug|iPhone.Build.0 = Debug|Any CPU
		{AFB4BA41-0EC8-448F-8A73-5D7AA2CF45A5}.Debug|iPhone.Deploy.0 = Debug|Any CPU
		{AFB4BA41-0EC8-448F-8A73-5D7AA2CF45A5}.Debug|iPhoneSimulator.ActiveCfg = Debug|Any CPU
		{AFB4BA41-0EC8-448F-8A73-5D7AA2CF45A5}.Debug|iPhoneSimulator.Build.0 = Debug|Any CPU
		{AFB4BA41-0EC8-448F-8A73-5D7AA2CF45A5}.Debug|iPhoneSimulator.Deploy.0 = Debug|Any CPU
		{AFB4BA41-0EC8-448F-8A73-5D7AA2CF45A5}.Release|Any CPU.ActiveCfg = Release|Any CPU
		{AFB4BA41-0EC8-448F-8A73-5D7AA2CF45A5}.Release|Any CPU.Build.0 = Release|Any CPU
		{AFB4BA41-0EC8-448F-8A73-5D7AA2CF45A5}.Release|Any CPU.Deploy.0 = Release|Any CPU
		{AFB4BA41-0EC8-448F-8A73-5D7AA2CF45A5}.Release|iPhone.ActiveCfg = Release|Any CPU
		{AFB4BA41-0EC8-448F-8A73-5D7AA2CF45A5}.Release|iPhone.Build.0 = Release|Any CPU
		{AFB4BA41-0EC8-448F-8A73-5D7AA2CF45A5}.Release|iPhone.Deploy.0 = Release|Any CPU
		{AFB4BA41-0EC8-448F-8A73-5D7AA2CF45A5}.Release|iPhoneSimulator.ActiveCfg = Release|Any CPU
		{AFB4BA41-0EC8-448F-8A73-5D7AA2CF45A5}.Release|iPhoneSimulator.Build.0 = Release|Any CPU
		{AFB4BA41-0EC8-448F-8A73-5D7AA2CF45A5}.Release|iPhoneSimulator.Deploy.0 = Release|Any CPU
	EndGlobalSection
	GlobalSection(SolutionProperties) = preSolution
		HideSolutionNode = FALSE
	EndGlobalSection
	GlobalSection(ExtensibilityGlobals) = postSolution
		SolutionGuid = {A3D19532-BA78-4EDF-A6D2-5FC108701504}
	EndGlobalSection
EndGlobal
